// !$*UTF8*$!
{
	archiveVersion = 1;
	classes = {
	};
	objectVersion = 46;
	objects = {

/* Begin PBXBuildFile section */
		184969C91DDC80EC000F552A /* main.m in Sources */ = {isa = PBXBuildFile; fileRef = 184969C81DDC80EC000F552A /* main.m */; };
		184969D11DDC817C000F552A /* SJConcreteStackBlock_1.m in Sources */ = {isa = PBXBuildFile; fileRef = 184969D01DDC817C000F552A /* SJConcreteStackBlock_1.m */; };
		184969D61DDDCC47000F552A /* SJConcreteStackBlock_2.m in Sources */ = {isa = PBXBuildFile; fileRef = 184969D51DDDCC47000F552A /* SJConcreteStackBlock_2.m */; };
/* End PBXBuildFile section */

/* Begin PBXCopyFilesBuildPhase section */
		184969C31DDC80EC000F552A /* CopyFiles */ = {
			isa = PBXCopyFilesBuildPhase;
			buildActionMask = 2147483647;
			dstPath = /usr/share/man/man1/;
			dstSubfolderSpec = 0;
			files = (
			);
			runOnlyForDeploymentPostprocessing = 1;
		};
/* End PBXCopyFilesBuildPhase section */

/* Begin PBXFileReference section */
		184969C51DDC80EC000F552A /* SJ_iOS_ARC_Memory */ = {isa = PBXFileReference; explicitFileType = "compiled.mach-o.executable"; includeInIndex = 0; path = SJ_iOS_ARC_Memory; sourceTree = BUILT_PRODUCTS_DIR; };
		184969C81DDC80EC000F552A /* main.m */ = {isa = PBXFileReference; lastKnownFileType = sourcecode.c.objc; path = main.m; sourceTree = "<group>"; };
		184969CF1DDC817C000F552A /* SJConcreteStackBlock_1.h */ = {isa = PBXFileReference; fileEncoding = 4; lastKnownFileType = sourcecode.c.h; path = SJConcreteStackBlock_1.h; sourceTree = "<group>"; };
		184969D01DDC817C000F552A /* SJConcreteStackBlock_1.m */ = {isa = PBXFileReference; fileEncoding = 4; lastKnownFileType = sourcecode.c.objc; path = SJConcreteStackBlock_1.m; sourceTree = "<group>"; };
		184969D41DDDCC47000F552A /* SJConcreteStackBlock_2.h */ = {isa = PBXFileReference; fileEncoding = 4; lastKnownFileType = sourcecode.c.h; path = SJConcreteStackBlock_2.h; sourceTree = "<group>"; };
		184969D51DDDCC47000F552A /* SJConcreteStackBlock_2.m */ = {isa = PBXFileReference; fileEncoding = 4; lastKnownFileType = sourcecode.c.objc; path = SJConcreteStackBlock_2.m; sourceTree = "<group>"; };
/* End PBXFileReference section */

/* Begin PBXFrameworksBuildPhase section */
		184969C21DDC80EC000F552A /* Frameworks */ = {
			isa = PBXFrameworksBuildPhase;
			buildActionMask = 2147483647;
			files = (
			);
			runOnlyForDeploymentPostprocessing = 0;
		};
/* End PBXFrameworksBuildPhase section */

/* Begin PBXGroup section */
		184969BC1DDC80EC000F552A = {
			isa = PBXGroup;
			children = (
				184969C71DDC80EC000F552A /* SJ_iOS_ARC_Memory */,
				184969C61DDC80EC000F552A /* Products */,
			);
			sourceTree = "<group>";
		};
		184969C61DDC80EC000F552A /* Products */ = {
			isa = PBXGroup;
			children = (
				184969C51DDC80EC000F552A /* SJ_iOS_ARC_Memory */,
			);
			name = Products;
			sourceTree = "<group>";
		};
		184969C71DDC80EC000F552A /* SJ_iOS_ARC_Memory */ = {
			isa = PBXGroup;
			children = (
				184969C81DDC80EC000F552A /* main.m */,
				184969CF1DDC817C000F552A /* SJConcreteStackBlock_1.h */,
				184969D01DDC817C000F552A /* SJConcreteStackBlock_1.m */,
				184969D41DDDCC47000F552A /* SJConcreteStackBlock_2.h */,
				184969D51DDDCC47000F552A /* SJConcreteStackBlock_2.m */,
			);
			path = SJ_iOS_ARC_Memory;
			sourceTree = "<group>";
		};
/* End PBXGroup section */

/* Begin PBXNativeTarget section */
		184969C41DDC80EC000F552A /* SJ_iOS_ARC_Memory */ = {
			isa = PBXNativeTarget;
			buildConfigurationList = 184969CC1DDC80EC000F552A /* Build configuration list for PBXNativeTarget "SJ_iOS_ARC_Memory" */;
			buildPhases = (
				184969C11DDC80EC000F552A /* Sources */,
				184969C21DDC80EC000F552A /* Frameworks */,
				184969C31DDC80EC000F552A /* CopyFiles */,
			);
			buildRules = (
			);
			dependencies = (
			);
			name = SJ_iOS_ARC_Memory;
			productName = SJ_iOS_ARC_Memory;
			productReference = 184969C51DDC80EC000F552A /* SJ_iOS_ARC_Memory */;
			productType = "com.apple.product-type.tool";
		};
/* End PBXNativeTarget section */

/* Begin PBXProject section */
		184969BD1DDC80EC000F552A /* Project object */ = {
			isa = PBXProject;
			attributes = {
				LastUpgradeCheck = 0810;
				ORGANIZATIONNAME = zhoushejun;
				TargetAttributes = {
					184969C41DDC80EC000F552A = {
						CreatedOnToolsVersion = 8.1;
						DevelopmentTeam = 6NLHX4X49M;
						ProvisioningStyle = Automatic;
					};
				};
			};
			buildConfigurationList = 184969C01DDC80EC000F552A /* Build configuration list for PBXProject "SJ_iOS_ARC_Memory" */;
			compatibilityVersion = "Xcode 3.2";
			developmentRegion = English;
			hasScannedForEncodings = 0;
			knownRegions = (
				en,
			);
			mainGroup = 184969BC1DDC80EC000F552A;
			productRefGroup = 184969C61DDC80EC000F552A /* Products */;
			projectDirPath = "";
			projectRoot = "";
			targets = (
				184969C41DDC80EC000F552A /* SJ_iOS_ARC_Memory */,
			);
		};
/* End PBXProject section */

/* Begin PBXSourcesBuildPhase section */
		184969C11DDC80EC000F552A /* Sources */ = {
			isa = PBXSourcesBuildPhase;
			buildActionMask = 2147483647;
			files = (
				184969D11DDC817C000F552A /* SJConcreteStackBlock_1.m in Sources */,
				184969D61DDDCC47000F552A /* SJConcreteStackBlock_2.m in Sources */,
				184969C91DDC80EC000F552A /* main.m in Sources */,
			);
			runOnlyForDeploymentPostprocessing = 0;
		};
/* End PBXSourcesBuildPhase section */

/* Begin XCBuildConfiguration section */
		184969CA1DDC80EC000F552A /* Debug */ = {
			isa = XCBuildConfiguration;
			buildSettings = {
				ALWAYS_SEARCH_USER_PATHS = NO;
				CLANG_ANALYZER_NONNULL = YES;
				CLANG_CXX_LANGUAGE_STANDARD = "gnu++0x";
				CLANG_CXX_LIBRARY = "libc++";
				CLANG_ENABLE_MODULES = YES;
				CLANG_ENABLE_OBJC_ARC = YES;
				CLANG_WARN_BOOL_CONVERSION = YES;
				CLANG_WARN_CONSTANT_CONVERSION = YES;
				CLANG_WARN_DIRECT_OBJC_ISA_USAGE = YES_ERROR;
				CLANG_WARN_DOCUMENTATION_COMMENTS = YES;
				CLANG_WARN_EMPTY_BODY = YES;
				CLANG_WARN_ENUM_CONVERSION = YES;
				CLANG_WARN_INFINITE_RECURSION = YES;
				CLANG_WARN_INT_CONVERSION = YES;
				CLANG_WARN_OBJC_ROOT_CLASS = YES_ERROR;
				CLANG_WARN_SUSPICIOUS_MOVES = YES;
				CLANG_WARN_UNREACHABLE_CODE = YES;
				CLANG_WARN__DUPLICATE_METHOD_MATCH = YES;
				CODE_SIGN_IDENTITY = "-";
				COPY_PHASE_STRIP = NO;
				DEBUG_INFORMATION_FORMAT = dwarf;
				ENABLE_STRICT_OBJC_MSGSEND = YES;
				ENABLE_TESTABILITY = YES;
				GCC_C_LANGUAGE_STANDARD = gnu99;
				GCC_DYNAMIC_NO_PIC = NO;
				GCC_NO_COMMON_BLOCKS = YES;
				GCC_OPTIMIZATION_LEVEL = 0;
				GCC_PREPROCESSOR_DEFINITIONS = (
					"DEBUG=1",
					"$(inherited)",
				);
				GCC_WARN_64_TO_32_BIT_CONVERSION = YES;
				GCC_WARN_ABOUT_RETURN_TYPE = YES_ERROR;
				GCC_WARN_UNDECLARED_SELECTOR = YES;
				GCC_WARN_UNINITIALIZED_AUTOS = YES_AGGRESSIVE;
				GCC_WARN_UNUSED_FUNCTION = YES;
				GCC_WARN_UNUSED_VARIABLE = YES;
				MACOSX_DEPLOYMENT_TARGET = 10.12;
				MTL_ENABLE_DEBUG_INFO = YES;
				ONLY_ACTIVE_ARCH = YES;
				SDKROOT = macosx;
			};
			name = Debug;
		};
		184969CB1DDC80EC000F552A /* Release */ = {
			isa = XCBuildConfiguration;
			buildSettings = {
				ALWAYS_SEARCH_USER_PATHS = NO;
				CLANG_ANALYZER_NONNULL = YES;
				CLANG_CXX_LANGUAGE_STANDARD = "gnu++0x";
				CLANG_CXX_LIBRARY = "libc++";
				CLANG_ENABLE_MODULES = YES;
				CLANG_ENABLE_OBJC_ARC = YES;
				CLANG_WARN_BOOL_CONVERSION = YES;
				CLANG_WARN_CONSTANT_CONVERSION = YES;
				CLANG_WARN_DIRECT_OBJC_ISA_USAGE = YES_ERROR;
				CLANG_WARN_DOCUMENTATION_COMMENTS = YES;
				CLANG_WARN_EMPTY_BODY = YES;
				CLANG_WARN_ENUM_CONVERSION = YES;
				CLANG_WARN_INFINITE_RECURSION = YES;
				CLANG_WARN_INT_CONVERSION = YES;
				CLANG_WARN_OBJC_ROOT_CLASS = YES_ERROR;
				CLANG_WARN_SUSPICIOUS_MOVES = YES;
				CLANG_WARN_UNREACHABLE_CODE = YES;
				CLANG_WARN__DUPLICATE_METHOD_MATCH = YES;
				CODE_SIGN_IDENTITY = "-";
				COPY_PHASE_STRIP = NO;
				DEBUG_INFORMATION_FORMAT = "dwarf-with-dsym";
				ENABLE_NS_ASSERTIONS = NO;
				ENABLE_STRICT_OBJC_MSGSEND = YES;
				GCC_C_LANGUAGE_STANDARD = gnu99;
				GCC_NO_COMMON_BLOCKS = YES;
				GCC_WARN_64_TO_32_BIT_CONVERSION = YES;
				GCC_WARN_ABOUT_RETURN_TYPE = YES_ERROR;
				GCC_WARN_UNDECLARED_SELECTOR = YES;
				GCC_WARN_UNINITIALIZED_AUTOS = YES_AGGRESSIVE;
				GCC_WARN_UNUSED_FUNCTION = YES;
				GCC_WARN_UNUSED_VARIABLE = YES;
				MACOSX_DEPLOYMENT_TARGET = 10.12;
				MTL_ENABLE_DEBUG_INFO = NO;
				SDKROOT = macosx;
			};
			name = Release;
		};
		184969CD1DDC80EC000F552A /* Debug */ = {
			isa = XCBuildConfiguration;
			buildSettings = {
				DEVELOPMENT_TEAM = 6NLHX4X49M;
				PRODUCT_NAME = "$(TARGET_NAME)";
			};
			name = Debug;
		};
		184969CE1DDC80EC000F552A /* Release */ = {
			isa = XCBuildConfiguration;
			buildSettings = {
				DEVELOPMENT_TEAM = 6NLHX4X49M;
				PRODUCT_NAME = "$(TARGET_NAME)";
			};
			name = Release;
		};
/* End XCBuildConfiguration section */

/* Begin XCConfigurationList section */
		184969C01DDC80EC000F552A /* Build configuration list for PBXProject "SJ_iOS_ARC_Memory" */ = {
			isa = XCConfigurationList;
			buildConfigurations = (
				184969CA1DDC80EC000F552A /* Debug */,
				184969CB1DDC80EC000F552A /* Release */,
			);
			defaultConfigurationIsVisible = 0;
			defaultConfigurationName = Release;
		};
		184969CC1DDC80EC000F552A /* Build configuration list for PBXNativeTarget "SJ_iOS_ARC_Memory" */ = {
			isa = XCConfigurationList;
			buildConfigurations = (
				184969CD1DDC80EC000F552A /* Debug */,
				184969CE1DDC80EC000F552A /* Release */,
			);
			defaultConfigurationIsVisible = 0;
		};
/* End XCConfigurationList section */
	};
	rootObject = 184969BD1DDC80EC000F552A /* Project object */;
}
